
Microsoft Visual Studio Solution File, Format Version 12.00
# Visual Studio 14
VisualStudioVersion = 14.0.25420.1
MinimumVisualStudioVersion = 10.0.40219.1
Project("{FAE04EC0-301F-11D3-BF4B-00C04F79EFBC}") = "Form", "LoginForm\Form.csproj", "{D46D46B4-74DA-4FD5-9558-97AF1AA59677}"
EndProject
Project("{FAE04EC0-301F-11D3-BF4B-00C04F79EFBC}") = "PersonalLibrary", "PersonalLibrary\PersonalLibrary.csproj", "{92D4587D-C335-457D-B220-4D371D2D1B2B}"
EndProject
Global
	GlobalSection(SolutionConfigurationPlatforms) = preSolution
		Debug|Any CPU = Debug|Any CPU
		Release|Any CPU = Release|Any CPU
	EndGlobalSection
	GlobalSection(ProjectConfigurationPlatforms) = postSolution
		{D46D46B4-74DA-4FD5-9558-97AF1AA59677}.Debug|Any CPU.ActiveCfg = Debug|Any CPU
		{D46D46B4-74DA-4FD5-9558-97AF1AA59677}.Debug|Any CPU.Build.0 = Debug|Any CPU
		{D46D46B4-74DA-4FD5-9558-97AF1AA59677}.Release|Any CPU.ActiveCfg = Release|Any CPU
		{D46D46B4-74DA-4FD5-9558-97AF1AA59677}.Release|Any CPU.Build.0 = Release|Any CPU
		{92D4587D-C335-457D-B220-4D371D2D1B2B}.Debug|Any CPU.ActiveCfg = Debug|Any CPU
		{92D4587D-C335-457D-B220-4D371D2D1B2B}.Debug|Any CPU.Build.0 = Debug|Any CPU
		{92D4587D-C335-457D-B220-4D371D2D1B2B}.Release|Any CPU.ActiveCfg = Release|Any CPU
		{92D4587D-C335-457D-B220-4D371D2D1B2B}.Release|Any CPU.Build.0 = Release|Any CPU
	EndGlobalSection
	GlobalSection(SolutionProperties) = preSolution
		HideSolutionNode = FALSE
	EndGlobalSection
EndGlobal
